
Microsoft Visual Studio Solution File, Format Version 12.00
# Visual Studio 15
VisualStudioVersion = 15.0.27703.2026
MinimumVisualStudioVersion = 10.0.40219.1
Project("{8BC9CEB8-8B4A-11D0-8D11-00A0C91BC942}") = "Dll1", "Dll1.vcxproj", "{83286490-C98D-4469-89D2-A5624CDA9BB6}"
EndProject
Global
	GlobalSection(SolutionConfigurationPlatforms) = preSolution
		Debug|x64 = Debug|x64
		Debug|x86 = Debug|x86
		Release|x64 = Release|x64
		Release|x86 = Release|x86
	EndGlobalSection
	GlobalSection(ProjectConfigurationPlatforms) = postSolution
		{83286490-C98D-4469-89D2-A5624CDA9BB6}.Debug|x64.ActiveCfg = Debug|x64
		{83286490-C98D-4469-89D2-A5624CDA9BB6}.Debug|x64.Build.0 = Debug|x64
		{83286490-C98D-4469-89D2-A5624CDA9BB6}.Debug|x86.ActiveCfg = Debug|Win32
		{83286490-C98D-4469-89D2-A5624CDA9BB6}.Debug|x86.Build.0 = Debug|Win32
		{83286490-C98D-4469-89D2-A5624CDA9BB6}.Release|x64.ActiveCfg = Release|x64
		{83286490-C98D-4469-89D2-A5624CDA9BB6}.Release|x64.Build.0 = Release|x64
		{83286490-C98D-4469-89D2-A5624CDA9BB6}.Release|x86.ActiveCfg = Release|Win32
		{83286490-C98D-4469-89D2-A5624CDA9BB6}.Release|x86.Build.0 = Release|Win32
	EndGlobalSection
	GlobalSection(SolutionProperties) = preSolution
		HideSolutionNode = FALSE
	EndGlobalSection
	GlobalSection(ExtensibilityGlobals) = postSolution
		SolutionGuid = {8FA3D10F-4217-4B9D-AA7B-5EDCAB6E486D}
	EndGlobalSection
EndGlobal
